
Microsoft Visual Studio Solution File, Format Version 12.00
# Visual Studio Version 16
VisualStudioVersion = 16.0.33529.622
MinimumVisualStudioVersion = 10.0.40219.1
Project("{FAE04EC0-301F-11D3-BF4B-00C04F79EFBC}") = "Teste", "Teste\Teste.csproj", "{5416A693-3C39-4A3D-B9E0-8816772D5E96}"
EndProject
Global
	GlobalSection(SolutionConfigurationPlatforms) = preSolution
		Debug|Any CPU = Debug|Any CPU
		Release|Any CPU = Release|Any CPU
	EndGlobalSection
	GlobalSection(ProjectConfigurationPlatforms) = postSolution
		{5416A693-3C39-4A3D-B9E0-8816772D5E96}.Debug|Any CPU.ActiveCfg = Debug|Any CPU
		{5416A693-3C39-4A3D-B9E0-8816772D5E96}.Debug|Any CPU.Build.0 = Debug|Any CPU
		{5416A693-3C39-4A3D-B9E0-8816772D5E96}.Release|Any CPU.ActiveCfg = Release|Any CPU
		{5416A693-3C39-4A3D-B9E0-8816772D5E96}.Release|Any CPU.Build.0 = Release|Any CPU
	EndGlobalSection
	GlobalSection(SolutionProperties) = preSolution
		HideSolutionNode = FALSE
	EndGlobalSection
	GlobalSection(ExtensibilityGlobals) = postSolution
		SolutionGuid = {EED80284-5F68-4B0B-BCFE-251194F93A8E}
	EndGlobalSection
EndGlobal
